
Microsoft Visual Studio Solution File, Format Version 12.00
# Visual Studio Express 2013 for Web
VisualStudioVersion = 12.0.30110.0
MinimumVisualStudioVersion = 10.0.40219.1
Project("{2150E333-8FDC-42A3-9474-1A3956D46DE8}") = "Tests", "Tests", "{DAF05D9B-870F-460F-87CA-040D9B36C8CA}"
EndProject
Project("{2150E333-8FDC-42A3-9474-1A3956D46DE8}") = "01_Acceptance", "01_Acceptance", "{EABE75EB-2F16-4D05-B8BE-9273F0DDF385}"
EndProject
Project("{2150E333-8FDC-42A3-9474-1A3956D46DE8}") = "02_UnitTests", "02_UnitTests", "{4E67E999-4443-4103-9032-469A9A9617D6}"
EndProject
Project("{2150E333-8FDC-42A3-9474-1A3956D46DE8}") = "03_Integration", "03_Integration", "{16026E78-528D-4960-812C-0A8629775E2D}"
EndProject
Project("{FAE04EC0-301F-11D3-BF4B-00C04F79EFBC}") = "DataService.api", "DataService.api\DataService.api.csproj", "{83E510E4-FF7C-4782-9246-546DF2C802BE}"
EndProject
Project("{FAE04EC0-301F-11D3-BF4B-00C04F79EFBC}") = "DataService.DbContext", "DataService.DbContext\DataService.DbContext.csproj", "{E8DE0D38-1553-451C-903A-0AF5C027585B}"
EndProject
Project("{FAE04EC0-301F-11D3-BF4B-00C04F79EFBC}") = "DataService.Business", "DataService.Business\DataService.Business.csproj", "{6E6CAEE2-38C8-48EF-9BF5-D10E8ED860D0}"
EndProject
Project("{FAE04EC0-301F-11D3-BF4B-00C04F79EFBC}") = "chk.dal", "chk.dal\chk.dal.csproj", "{1CF75EC6-932D-4CC6-8B29-8370AA240A15}"
EndProject
Project("{FAE04EC0-301F-11D3-BF4B-00C04F79EFBC}") = "DataService.Tests.RestfulDataService.FrontOffice.Acceptance", "DataService.Tests.RestfulDataService.Acceptance\DataService.Tests.RestfulDataService.FrontOffice.Acceptance.csproj", "{B3D8ED46-D7A1-4F47-9904-84F3EBD1FF1D}"
EndProject
Project("{FAE04EC0-301F-11D3-BF4B-00C04F79EFBC}") = "DataService.BackOffice", "RestfulDataService.BackOffice\DataService.BackOffice.csproj", "{066002D5-C0B7-4AE8-A3E2-045FCB83BA75}"
EndProject
Project("{FAE04EC0-301F-11D3-BF4B-00C04F79EFBC}") = "DataService.SimpleFrontOffice", "RestfulDataService.SimpleFrontOffice\DataService.SimpleFrontOffice.csproj", "{627B151E-D326-4A21-9739-207146959A42}"
EndProject
Project("{FAE04EC0-301F-11D3-BF4B-00C04F79EFBC}") = "DataService.Tests.RestfulDataService.BackOffice.Acceptance", "DataService.Tests.RestfulDataService.BackOffice\DataService.Tests.RestfulDataService.BackOffice.Acceptance.csproj", "{3EB2C2FB-8E48-45CA-9BAC-7E32E68AF0AC}"
EndProject
Project("{FAE04EC0-301F-11D3-BF4B-00C04F79EFBC}") = "DataService.Tests.RestfulDataService.SimpleFrontOffice.Acceptance", "DataService.Tests.RestfulDataService.SimpleFrontOffice\DataService.Tests.RestfulDataService.SimpleFrontOffice.Acceptance.csproj", "{00FBF1EB-6F02-4F6D-A032-93DF3D397E1B}"
EndProject
Project("{FAE04EC0-301F-11D3-BF4B-00C04F79EFBC}") = "DataService.Tests.RestfulDataService.BackOffice.UnitTests", "DataService.Tests.RestfulDataService.BackOffice.UnitTests\DataService.Tests.RestfulDataService.BackOffice.UnitTests.csproj", "{6320CF03-8DD1-4CEF-9554-5AD557069AF5}"
EndProject
Project("{FAE04EC0-301F-11D3-BF4B-00C04F79EFBC}") = "DataService.Tests.RestfulDataService.FrontOffice.UnitTests", "DataService.Tests.RestfulDataService.FrontOffice.UnitTests\DataService.Tests.RestfulDataService.FrontOffice.UnitTests.csproj", "{265B00E6-D6F3-46AB-BF21-91C1622B51D9}"
EndProject
Project("{FAE04EC0-301F-11D3-BF4B-00C04F79EFBC}") = "DataService.Tests.RestfulDataService.SimpleFrontOffice.UnitTests", "DataService.Tests.RestfulDataService.SimpleFrontOffice.UnitTests\DataService.Tests.RestfulDataService.SimpleFrontOffice.UnitTests.csproj", "{FC0BBE8B-F177-410E-902D-3C9D770F95CA}"
EndProject
Project("{FAE04EC0-301F-11D3-BF4B-00C04F79EFBC}") = "DataService.FrontOffice", "DataService.FrontOffice\DataService.FrontOffice.csproj", "{90809807-CF9C-430D-AE3C-B041B79EBEB2}"
EndProject
Project("{2150E333-8FDC-42A3-9474-1A3956D46DE8}") = "04_CommanTools", "04_CommanTools", "{C73D5793-AE6A-417D-AAAB-42E5AA2C77E2}"
EndProject
Project("{FAE04EC0-301F-11D3-BF4B-00C04F79EFBC}") = "DataService.Core", "DataService.Core\DataService.Core.csproj", "{F3328353-C219-4785-881D-8BF051976241}"
EndProject
Global
	GlobalSection(SolutionConfigurationPlatforms) = preSolution
		Debug|Any CPU = Debug|Any CPU
		Dev|Any CPU = Dev|Any CPU
		Release|Any CPU = Release|Any CPU
		SysTest|Any CPU = SysTest|Any CPU
		UAT|Any CPU = UAT|Any CPU
	EndGlobalSection
	GlobalSection(ProjectConfigurationPlatforms) = postSolution
		{83E510E4-FF7C-4782-9246-546DF2C802BE}.Debug|Any CPU.ActiveCfg = Debug|Any CPU
		{83E510E4-FF7C-4782-9246-546DF2C802BE}.Debug|Any CPU.Build.0 = Debug|Any CPU
		{83E510E4-FF7C-4782-9246-546DF2C802BE}.Dev|Any CPU.ActiveCfg = Dev|Any CPU
		{83E510E4-FF7C-4782-9246-546DF2C802BE}.Dev|Any CPU.Build.0 = Dev|Any CPU
		{83E510E4-FF7C-4782-9246-546DF2C802BE}.Release|Any CPU.ActiveCfg = Release|Any CPU
		{83E510E4-FF7C-4782-9246-546DF2C802BE}.Release|Any CPU.Build.0 = Release|Any CPU
		{83E510E4-FF7C-4782-9246-546DF2C802BE}.SysTest|Any CPU.ActiveCfg = SysTest|Any CPU
		{83E510E4-FF7C-4782-9246-546DF2C802BE}.SysTest|Any CPU.Build.0 = SysTest|Any CPU
		{83E510E4-FF7C-4782-9246-546DF2C802BE}.UAT|Any CPU.ActiveCfg = UAT|Any CPU
		{83E510E4-FF7C-4782-9246-546DF2C802BE}.UAT|Any CPU.Build.0 = UAT|Any CPU
		{E8DE0D38-1553-451C-903A-0AF5C027585B}.Debug|Any CPU.ActiveCfg = Debug|Any CPU
		{E8DE0D38-1553-451C-903A-0AF5C027585B}.Debug|Any CPU.Build.0 = Debug|Any CPU
		{E8DE0D38-1553-451C-903A-0AF5C027585B}.Dev|Any CPU.ActiveCfg = Dev|Any CPU
		{E8DE0D38-1553-451C-903A-0AF5C027585B}.Dev|Any CPU.Build.0 = Dev|Any CPU
		{E8DE0D38-1553-451C-903A-0AF5C027585B}.Release|Any CPU.ActiveCfg = Release|Any CPU
		{E8DE0D38-1553-451C-903A-0AF5C027585B}.Release|Any CPU.Build.0 = Release|Any CPU
		{E8DE0D38-1553-451C-903A-0AF5C027585B}.SysTest|Any CPU.ActiveCfg = SysTest|Any CPU
		{E8DE0D38-1553-451C-903A-0AF5C027585B}.SysTest|Any CPU.Build.0 = SysTest|Any CPU
		{E8DE0D38-1553-451C-903A-0AF5C027585B}.UAT|Any CPU.ActiveCfg = UAT|Any CPU
		{E8DE0D38-1553-451C-903A-0AF5C027585B}.UAT|Any CPU.Build.0 = UAT|Any CPU
		{6E6CAEE2-38C8-48EF-9BF5-D10E8ED860D0}.Debug|Any CPU.ActiveCfg = Debug|Any CPU
		{6E6CAEE2-38C8-48EF-9BF5-D10E8ED860D0}.Debug|Any CPU.Build.0 = Debug|Any CPU
		{6E6CAEE2-38C8-48EF-9BF5-D10E8ED860D0}.Dev|Any CPU.ActiveCfg = Dev|Any CPU
		{6E6CAEE2-38C8-48EF-9BF5-D10E8ED860D0}.Dev|Any CPU.Build.0 = Dev|Any CPU
		{6E6CAEE2-38C8-48EF-9BF5-D10E8ED860D0}.Release|Any CPU.ActiveCfg = Release|Any CPU
		{6E6CAEE2-38C8-48EF-9BF5-D10E8ED860D0}.Release|Any CPU.Build.0 = Release|Any CPU
		{6E6CAEE2-38C8-48EF-9BF5-D10E8ED860D0}.SysTest|Any CPU.ActiveCfg = SysTest|Any CPU
		{6E6CAEE2-38C8-48EF-9BF5-D10E8ED860D0}.SysTest|Any CPU.Build.0 = SysTest|Any CPU
		{6E6CAEE2-38C8-48EF-9BF5-D10E8ED860D0}.UAT|Any CPU.ActiveCfg = UAT|Any CPU
		{6E6CAEE2-38C8-48EF-9BF5-D10E8ED860D0}.UAT|Any CPU.Build.0 = UAT|Any CPU
		{1CF75EC6-932D-4CC6-8B29-8370AA240A15}.Debug|Any CPU.ActiveCfg = Debug|Any CPU
		{1CF75EC6-932D-4CC6-8B29-8370AA240A15}.Debug|Any CPU.Build.0 = Debug|Any CPU
		{1CF75EC6-932D-4CC6-8B29-8370AA240A15}.Dev|Any CPU.ActiveCfg = Dev|Any CPU
		{1CF75EC6-932D-4CC6-8B29-8370AA240A15}.Dev|Any CPU.Build.0 = Dev|Any CPU
		{1CF75EC6-932D-4CC6-8B29-8370AA240A15}.Release|Any CPU.ActiveCfg = Release|Any CPU
		{1CF75EC6-932D-4CC6-8B29-8370AA240A15}.Release|Any CPU.Build.0 = Release|Any CPU
		{1CF75EC6-932D-4CC6-8B29-8370AA240A15}.SysTest|Any CPU.ActiveCfg = SysTest|Any CPU
		{1CF75EC6-932D-4CC6-8B29-8370AA240A15}.SysTest|Any CPU.Build.0 = SysTest|Any CPU
		{1CF75EC6-932D-4CC6-8B29-8370AA240A15}.UAT|Any CPU.ActiveCfg = UAT|Any CPU
		{1CF75EC6-932D-4CC6-8B29-8370AA240A15}.UAT|Any CPU.Build.0 = UAT|Any CPU
		{B3D8ED46-D7A1-4F47-9904-84F3EBD1FF1D}.Debug|Any CPU.ActiveCfg = Debug|Any CPU
		{B3D8ED46-D7A1-4F47-9904-84F3EBD1FF1D}.Debug|Any CPU.Build.0 = Debug|Any CPU
		{B3D8ED46-D7A1-4F47-9904-84F3EBD1FF1D}.Dev|Any CPU.ActiveCfg = Dev|Any CPU
		{B3D8ED46-D7A1-4F47-9904-84F3EBD1FF1D}.Dev|Any CPU.Build.0 = Dev|Any CPU
		{B3D8ED46-D7A1-4F47-9904-84F3EBD1FF1D}.Release|Any CPU.ActiveCfg = Release|Any CPU
		{B3D8ED46-D7A1-4F47-9904-84F3EBD1FF1D}.Release|Any CPU.Build.0 = Release|Any CPU
		{B3D8ED46-D7A1-4F47-9904-84F3EBD1FF1D}.SysTest|Any CPU.ActiveCfg = SysTest|Any CPU
		{B3D8ED46-D7A1-4F47-9904-84F3EBD1FF1D}.SysTest|Any CPU.Build.0 = SysTest|Any CPU
		{B3D8ED46-D7A1-4F47-9904-84F3EBD1FF1D}.UAT|Any CPU.ActiveCfg = UAT|Any CPU
		{B3D8ED46-D7A1-4F47-9904-84F3EBD1FF1D}.UAT|Any CPU.Build.0 = UAT|Any CPU
		{066002D5-C0B7-4AE8-A3E2-045FCB83BA75}.Debug|Any CPU.ActiveCfg = Debug|Any CPU
		{066002D5-C0B7-4AE8-A3E2-045FCB83BA75}.Debug|Any CPU.Build.0 = Debug|Any CPU
		{066002D5-C0B7-4AE8-A3E2-045FCB83BA75}.Dev|Any CPU.ActiveCfg = Dev|Any CPU
		{066002D5-C0B7-4AE8-A3E2-045FCB83BA75}.Dev|Any CPU.Build.0 = Dev|Any CPU
		{066002D5-C0B7-4AE8-A3E2-045FCB83BA75}.Release|Any CPU.ActiveCfg = Release|Any CPU
		{066002D5-C0B7-4AE8-A3E2-045FCB83BA75}.Release|Any CPU.Build.0 = Release|Any CPU
		{066002D5-C0B7-4AE8-A3E2-045FCB83BA75}.SysTest|Any CPU.ActiveCfg = SysTest|Any CPU
		{066002D5-C0B7-4AE8-A3E2-045FCB83BA75}.SysTest|Any CPU.Build.0 = SysTest|Any CPU
		{066002D5-C0B7-4AE8-A3E2-045FCB83BA75}.UAT|Any CPU.ActiveCfg = UAT|Any CPU
		{066002D5-C0B7-4AE8-A3E2-045FCB83BA75}.UAT|Any CPU.Build.0 = UAT|Any CPU
		{627B151E-D326-4A21-9739-207146959A42}.Debug|Any CPU.ActiveCfg = Debug|Any CPU
		{627B151E-D326-4A21-9739-207146959A42}.Debug|Any CPU.Build.0 = Debug|Any CPU
		{627B151E-D326-4A21-9739-207146959A42}.Dev|Any CPU.ActiveCfg = Dev|Any CPU
		{627B151E-D326-4A21-9739-207146959A42}.Dev|Any CPU.Build.0 = Dev|Any CPU
		{627B151E-D326-4A21-9739-207146959A42}.Release|Any CPU.ActiveCfg = Release|Any CPU
		{627B151E-D326-4A21-9739-207146959A42}.Release|Any CPU.Build.0 = Release|Any CPU
		{627B151E-D326-4A21-9739-207146959A42}.SysTest|Any CPU.ActiveCfg = SysTest|Any CPU
		{627B151E-D326-4A21-9739-207146959A42}.SysTest|Any CPU.Build.0 = SysTest|Any CPU
		{627B151E-D326-4A21-9739-207146959A42}.UAT|Any CPU.ActiveCfg = UAT|Any CPU
		{627B151E-D326-4A21-9739-207146959A42}.UAT|Any CPU.Build.0 = UAT|Any CPU
		{3EB2C2FB-8E48-45CA-9BAC-7E32E68AF0AC}.Debug|Any CPU.ActiveCfg = Debug|Any CPU
		{3EB2C2FB-8E48-45CA-9BAC-7E32E68AF0AC}.Debug|Any CPU.Build.0 = Debug|Any CPU
		{3EB2C2FB-8E48-45CA-9BAC-7E32E68AF0AC}.Dev|Any CPU.ActiveCfg = Dev|Any CPU
		{3EB2C2FB-8E48-45CA-9BAC-7E32E68AF0AC}.Dev|Any CPU.Build.0 = Dev|Any CPU
		{3EB2C2FB-8E48-45CA-9BAC-7E32E68AF0AC}.Release|Any CPU.ActiveCfg = Release|Any CPU
		{3EB2C2FB-8E48-45CA-9BAC-7E32E68AF0AC}.Release|Any CPU.Build.0 = Release|Any CPU
		{3EB2C2FB-8E48-45CA-9BAC-7E32E68AF0AC}.SysTest|Any CPU.ActiveCfg = SysTest|Any CPU
		{3EB2C2FB-8E48-45CA-9BAC-7E32E68AF0AC}.SysTest|Any CPU.Build.0 = SysTest|Any CPU
		{3EB2C2FB-8E48-45CA-9BAC-7E32E68AF0AC}.UAT|Any CPU.ActiveCfg = UAT|Any CPU
		{3EB2C2FB-8E48-45CA-9BAC-7E32E68AF0AC}.UAT|Any CPU.Build.0 = UAT|Any CPU
		{00FBF1EB-6F02-4F6D-A032-93DF3D397E1B}.Debug|Any CPU.ActiveCfg = Debug|Any CPU
		{00FBF1EB-6F02-4F6D-A032-93DF3D397E1B}.Debug|Any CPU.Build.0 = Debug|Any CPU
		{00FBF1EB-6F02-4F6D-A032-93DF3D397E1B}.Dev|Any CPU.ActiveCfg = Dev|Any CPU
		{00FBF1EB-6F02-4F6D-A032-93DF3D397E1B}.Dev|Any CPU.Build.0 = Dev|Any CPU
		{00FBF1EB-6F02-4F6D-A032-93DF3D397E1B}.Release|Any CPU.ActiveCfg = Release|Any CPU
		{00FBF1EB-6F02-4F6D-A032-93DF3D397E1B}.Release|Any CPU.Build.0 = Release|Any CPU
		{00FBF1EB-6F02-4F6D-A032-93DF3D397E1B}.SysTest|Any CPU.ActiveCfg = SysTest|Any CPU
		{00FBF1EB-6F02-4F6D-A032-93DF3D397E1B}.SysTest|Any CPU.Build.0 = SysTest|Any CPU
		{00FBF1EB-6F02-4F6D-A032-93DF3D397E1B}.UAT|Any CPU.ActiveCfg = UAT|Any CPU
		{00FBF1EB-6F02-4F6D-A032-93DF3D397E1B}.UAT|Any CPU.Build.0 = UAT|Any CPU
		{6320CF03-8DD1-4CEF-9554-5AD557069AF5}.Debug|Any CPU.ActiveCfg = Debug|Any CPU
		{6320CF03-8DD1-4CEF-9554-5AD557069AF5}.Debug|Any CPU.Build.0 = Debug|Any CPU
		{6320CF03-8DD1-4CEF-9554-5AD557069AF5}.Dev|Any CPU.ActiveCfg = Dev|Any CPU
		{6320CF03-8DD1-4CEF-9554-5AD557069AF5}.Dev|Any CPU.Build.0 = Dev|Any CPU
		{6320CF03-8DD1-4CEF-9554-5AD557069AF5}.Release|Any CPU.ActiveCfg = Release|Any CPU
		{6320CF03-8DD1-4CEF-9554-5AD557069AF5}.Release|Any CPU.Build.0 = Release|Any CPU
		{6320CF03-8DD1-4CEF-9554-5AD557069AF5}.SysTest|Any CPU.ActiveCfg = SysTest|Any CPU
		{6320CF03-8DD1-4CEF-9554-5AD557069AF5}.SysTest|Any CPU.Build.0 = SysTest|Any CPU
		{6320CF03-8DD1-4CEF-9554-5AD557069AF5}.UAT|Any CPU.ActiveCfg = UAT|Any CPU
		{6320CF03-8DD1-4CEF-9554-5AD557069AF5}.UAT|Any CPU.Build.0 = UAT|Any CPU
		{265B00E6-D6F3-46AB-BF21-91C1622B51D9}.Debug|Any CPU.ActiveCfg = Debug|Any CPU
		{265B00E6-D6F3-46AB-BF21-91C1622B51D9}.Debug|Any CPU.Build.0 = Debug|Any CPU
		{265B00E6-D6F3-46AB-BF21-91C1622B51D9}.Dev|Any CPU.ActiveCfg = Dev|Any CPU
		{265B00E6-D6F3-46AB-BF21-91C1622B51D9}.Dev|Any CPU.Build.0 = Dev|Any CPU
		{265B00E6-D6F3-46AB-BF21-91C1622B51D9}.Release|Any CPU.ActiveCfg = Release|Any CPU
		{265B00E6-D6F3-46AB-BF21-91C1622B51D9}.Release|Any CPU.Build.0 = Release|Any CPU
		{265B00E6-D6F3-46AB-BF21-91C1622B51D9}.SysTest|Any CPU.ActiveCfg = SysTest|Any CPU
		{265B00E6-D6F3-46AB-BF21-91C1622B51D9}.SysTest|Any CPU.Build.0 = SysTest|Any CPU
		{265B00E6-D6F3-46AB-BF21-91C1622B51D9}.UAT|Any CPU.ActiveCfg = UAT|Any CPU
		{265B00E6-D6F3-46AB-BF21-91C1622B51D9}.UAT|Any CPU.Build.0 = UAT|Any CPU
		{FC0BBE8B-F177-410E-902D-3C9D770F95CA}.Debug|Any CPU.ActiveCfg = Debug|Any CPU
		{FC0BBE8B-F177-410E-902D-3C9D770F95CA}.Debug|Any CPU.Build.0 = Debug|Any CPU
		{FC0BBE8B-F177-410E-902D-3C9D770F95CA}.Dev|Any CPU.ActiveCfg = Dev|Any CPU
		{FC0BBE8B-F177-410E-902D-3C9D770F95CA}.Dev|Any CPU.Build.0 = Dev|Any CPU
		{FC0BBE8B-F177-410E-902D-3C9D770F95CA}.Release|Any CPU.ActiveCfg = Release|Any CPU
		{FC0BBE8B-F177-410E-902D-3C9D770F95CA}.Release|Any CPU.Build.0 = Release|Any CPU
		{FC0BBE8B-F177-410E-902D-3C9D770F95CA}.SysTest|Any CPU.ActiveCfg = SysTest|Any CPU
		{FC0BBE8B-F177-410E-902D-3C9D770F95CA}.SysTest|Any CPU.Build.0 = SysTest|Any CPU
		{FC0BBE8B-F177-410E-902D-3C9D770F95CA}.UAT|Any CPU.ActiveCfg = UAT|Any CPU
		{FC0BBE8B-F177-410E-902D-3C9D770F95CA}.UAT|Any CPU.Build.0 = UAT|Any CPU
		{90809807-CF9C-430D-AE3C-B041B79EBEB2}.Debug|Any CPU.ActiveCfg = Debug|Any CPU
		{90809807-CF9C-430D-AE3C-B041B79EBEB2}.Debug|Any CPU.Build.0 = Debug|Any CPU
		{90809807-CF9C-430D-AE3C-B041B79EBEB2}.Dev|Any CPU.ActiveCfg = Dev|Any CPU
		{90809807-CF9C-430D-AE3C-B041B79EBEB2}.Dev|Any CPU.Build.0 = Dev|Any CPU
		{90809807-CF9C-430D-AE3C-B041B79EBEB2}.Release|Any CPU.ActiveCfg = Release|Any CPU
		{90809807-CF9C-430D-AE3C-B041B79EBEB2}.Release|Any CPU.Build.0 = Release|Any CPU
		{90809807-CF9C-430D-AE3C-B041B79EBEB2}.SysTest|Any CPU.ActiveCfg = SysTest|Any CPU
		{90809807-CF9C-430D-AE3C-B041B79EBEB2}.SysTest|Any CPU.Build.0 = SysTest|Any CPU
		{90809807-CF9C-430D-AE3C-B041B79EBEB2}.UAT|Any CPU.ActiveCfg = UAT|Any CPU
		{90809807-CF9C-430D-AE3C-B041B79EBEB2}.UAT|Any CPU.Build.0 = UAT|Any CPU
		{F3328353-C219-4785-881D-8BF051976241}.Debug|Any CPU.ActiveCfg = Debug|Any CPU
		{F3328353-C219-4785-881D-8BF051976241}.Debug|Any CPU.Build.0 = Debug|Any CPU
		{F3328353-C219-4785-881D-8BF051976241}.Dev|Any CPU.ActiveCfg = Dev|Any CPU
		{F3328353-C219-4785-881D-8BF051976241}.Dev|Any CPU.Build.0 = Dev|Any CPU
		{F3328353-C219-4785-881D-8BF051976241}.Release|Any CPU.ActiveCfg = Release|Any CPU
		{F3328353-C219-4785-881D-8BF051976241}.Release|Any CPU.Build.0 = Release|Any CPU
		{F3328353-C219-4785-881D-8BF051976241}.SysTest|Any CPU.ActiveCfg = SysTest|Any CPU
		{F3328353-C219-4785-881D-8BF051976241}.SysTest|Any CPU.Build.0 = SysTest|Any CPU
		{F3328353-C219-4785-881D-8BF051976241}.UAT|Any CPU.ActiveCfg = UAT|Any CPU
		{F3328353-C219-4785-881D-8BF051976241}.UAT|Any CPU.Build.0 = UAT|Any CPU
	EndGlobalSection
	GlobalSection(SolutionProperties) = preSolution
		HideSolutionNode = FALSE
	EndGlobalSection
	GlobalSection(NestedProjects) = preSolution
		{EABE75EB-2F16-4D05-B8BE-9273F0DDF385} = {DAF05D9B-870F-460F-87CA-040D9B36C8CA}
		{4E67E999-4443-4103-9032-469A9A9617D6} = {DAF05D9B-870F-460F-87CA-040D9B36C8CA}
		{16026E78-528D-4960-812C-0A8629775E2D} = {DAF05D9B-870F-460F-87CA-040D9B36C8CA}
		{C73D5793-AE6A-417D-AAAB-42E5AA2C77E2} = {DAF05D9B-870F-460F-87CA-040D9B36C8CA}
		{B3D8ED46-D7A1-4F47-9904-84F3EBD1FF1D} = {EABE75EB-2F16-4D05-B8BE-9273F0DDF385}
		{3EB2C2FB-8E48-45CA-9BAC-7E32E68AF0AC} = {EABE75EB-2F16-4D05-B8BE-9273F0DDF385}
		{00FBF1EB-6F02-4F6D-A032-93DF3D397E1B} = {EABE75EB-2F16-4D05-B8BE-9273F0DDF385}
		{6320CF03-8DD1-4CEF-9554-5AD557069AF5} = {4E67E999-4443-4103-9032-469A9A9617D6}
		{265B00E6-D6F3-46AB-BF21-91C1622B51D9} = {4E67E999-4443-4103-9032-469A9A9617D6}
		{FC0BBE8B-F177-410E-902D-3C9D770F95CA} = {4E67E999-4443-4103-9032-469A9A9617D6}
	EndGlobalSection
	GlobalSection(SubversionScc) = preSolution
		Svn-Managed = True
		Manager = AnkhSVN - Subversion Support for Visual Studio
	EndGlobalSection
EndGlobal
